PODS:
  - Alamofire (4.2.0)
  - SwiftyJSON (4.2.0)

DEPENDENCIES:
  - Alamofire (~> 4.2.0)
  - SwiftyJSON

SPEC REPOS:
  https://github.com/cocoapods/specs.git:
    - Alamofire
    - SwiftyJSON

SPEC CHECKSUMS:
  Alamofire: aa2e09d871c9160ac53c90e83c68064a94e3dfbe
  SwiftyJSON: c4bcba26dd9ec7a027fc8eade48e2c911f229e96

PODFILE CHECKSUM: bf83044ba04ef1df1c12fb0836620ae557b75830

COCOAPODS: 1.5.3
